
Microsoft Visual Studio Solution File, Format Version 12.00
# Visual Studio Version 17
VisualStudioVersion = 17.11.35303.130
MinimumVisualStudioVersion = 10.0.40219.1
Project("{FAE04EC0-301F-11D3-BF4B-00C04F79EFBC}") = "MyProductAPI", "MyProductAPI\MyProductAPI.csproj", "{F2DF69D1-3C7B-46B6-9F66-D8AFD508FD0A}"
EndProject
Global
	GlobalSection(SolutionConfigurationPlatforms) = preSolution
		Debug|Any CPU = Debug|Any CPU
		Release|Any CPU = Release|Any CPU
	EndGlobalSection
	GlobalSection(ProjectConfigurationPlatforms) = postSolution
		{F2DF69D1-3C7B-46B6-9F66-D8AFD508FD0A}.Debug|Any CPU.ActiveCfg = Debug|Any CPU
		{F2DF69D1-3C7B-46B6-9F66-D8AFD508FD0A}.Debug|Any CPU.Build.0 = Debug|Any CPU
		{F2DF69D1-3C7B-46B6-9F66-D8AFD508FD0A}.Release|Any CPU.ActiveCfg = Release|Any CPU
		{F2DF69D1-3C7B-46B6-9F66-D8AFD508FD0A}.Release|Any CPU.Build.0 = Release|Any CPU
	EndGlobalSection
	GlobalSection(SolutionProperties) = preSolution
		HideSolutionNode = FALSE
	EndGlobalSection
	GlobalSection(ExtensibilityGlobals) = postSolution
		SolutionGuid = {C108308F-CC18-4862-A4DB-7AF87C3C16EB}
	EndGlobalSection
EndGlobal
